Microsoft Visual Studio Solution File, Format Version 12.00
# Visual Studio Version 17
VisualStudioVersion = 17.5.2.0
MinimumVisualStudioVersion = 10.0.40219.1
Project("{FAE04EC0-301F-11D3-BF4B-00C04F79EFBC}") = "exampleapp", "exampleapp\exampleapp.csproj", "{B9E779CA-FA55-C4A1-8811-0500504D48F0}"
EndProject
Project("{FAE04EC0-301F-11D3-BF4B-00C04F79EFBC}") = "examplelib", "examplelib\examplelib.csproj", "{1F7A43EB-61FE-1C69-B033-5197AC360BAB}"
EndProject
Global
	GlobalSection(SolutionConfigurationPlatforms) = preSolution
		Debug|Any CPU = Debug|Any CPU
		Release|Any CPU = Release|Any CPU
	EndGlobalSection
	GlobalSection(ProjectConfigurationPlatforms) = postSolution
		{B9E779CA-FA55-C4A1-8811-0500504D48F0}.Debug|Any CPU.ActiveCfg = Debug|Any CPU
		{B9E779CA-FA55-C4A1-8811-0500504D48F0}.Debug|Any CPU.Build.0 = Debug|Any CPU
		{B9E779CA-FA55-C4A1-8811-0500504D48F0}.Release|Any CPU.ActiveCfg = Release|Any CPU
		{B9E779CA-FA55-C4A1-8811-0500504D48F0}.Release|Any CPU.Build.0 = Release|Any CPU
		{1F7A43EB-61FE-1C69-B033-5197AC360BAB}.Debug|Any CPU.ActiveCfg = Debug|Any CPU
		{1F7A43EB-61FE-1C69-B033-5197AC360BAB}.Debug|Any CPU.Build.0 = Debug|Any CPU
		{1F7A43EB-61FE-1C69-B033-5197AC360BAB}.Release|Any CPU.ActiveCfg = Release|Any CPU
		{1F7A43EB-61FE-1C69-B033-5197AC360BAB}.Release|Any CPU.Build.0 = Release|Any CPU
	EndGlobalSection
	GlobalSection(SolutionProperties) = preSolution
		HideSolutionNode = FALSE
	EndGlobalSection
	GlobalSection(ExtensibilityGlobals) = postSolution
		SolutionGuid = {D9660109-EF0E-4AE2-ADDF-C4E429796407}
	EndGlobalSection
EndGlobal
